
Microsoft Visual Studio Solution File, Format Version 12.00
# Visual Studio Version 17
VisualStudioVersion = 17.0.31903.59
MinimumVisualStudioVersion = 10.0.40219.1
Project("{9A19103F-16F7-4668-BE54-9A1E7A4F7556}") = "EjemplosLinq", "EjemplosLinq.csproj", "{4672FC4B-0874-4057-9397-A7B69315DC87}"
EndProject
Global
	GlobalSection(SolutionConfigurationPlatforms) = preSolution
		Debug|Any CPU = Debug|Any CPU
		Release|Any CPU = Release|Any CPU
	EndGlobalSection
	GlobalSection(ProjectConfigurationPlatforms) = postSolution
		{4672FC4B-0874-4057-9397-A7B69315DC87}.Debug|Any CPU.ActiveCfg = Debug|Any CPU
		{4672FC4B-0874-4057-9397-A7B69315DC87}.Debug|Any CPU.Build.0 = Debug|Any CPU
		{4672FC4B-0874-4057-9397-A7B69315DC87}.Release|Any CPU.ActiveCfg = Release|Any CPU
		{4672FC4B-0874-4057-9397-A7B69315DC87}.Release|Any CPU.Build.0 = Release|Any CPU
	EndGlobalSection
	GlobalSection(SolutionProperties) = preSolution
		HideSolutionNode = FALSE
	EndGlobalSection
	GlobalSection(ExtensibilityGlobals) = postSolution
		SolutionGuid = {63EB876A-BA96-4F64-914C-23F8BB74F9F5}
	EndGlobalSection
EndGlobal
